// !$*UTF8*$!
{
	archiveVersion = 1;
	classes = {
	};
	objectVersion = 46;
	objects = {

/* Begin PBXBuildFile section */
		D0628D331A004F2E00DFF41C /* main.m in Sources */ = {isa = PBXBuildFile; fileRef = D0628D321A004F2E00DFF41C /* main.m */; };
		D0628D361A004F2E00DFF41C /* AppDelegate.m in Sources */ = {isa = PBXBuildFile; fileRef = D0628D351A004F2E00DFF41C /* AppDelegate.m */; };
		D0628D391A004F2E00DFF41C /* ViewController.m in Sources */ = {isa = PBXBuildFile; fileRef = D0628D381A004F2E00DFF41C /* ViewController.m */; };
		D0628D3C1A004F2E00DFF41C /* Main.storyboard in Resources */ = {isa = PBXBuildFile; fileRef = D0628D3A1A004F2E00DFF41C /* Main.storyboard */; };
		D0628D3E1A004F2E00DFF41C /* Images.xcassets in Resources */ = {isa = PBXBuildFile; fileRef = D0628D3D1A004F2E00DFF41C /* Images.xcassets */; };
		D0628D411A004F2E00DFF41C /* LaunchScreen.xib in Resources */ = {isa = PBXBuildFile; fileRef = D0628D3F1A004F2E00DFF41C /* LaunchScreen.xib */; };
		D0628D4D1A004F2E00DFF41C /* Pirate_HuntTests.m in Sources */ = {isa = PBXBuildFile; fileRef = D0628D4C1A004F2E00DFF41C /* Pirate_HuntTests.m */; };
/* End PBXBuildFile section */

/* Begin PBXContainerItemProxy section */
		D0628D471A004F2E00DFF41C /* PBXContainerItemProxy */ = {
			isa = PBXContainerItemProxy;
			containerPortal = D0628D251A004F2E00DFF41C /* Project object */;
			proxyType = 1;
			remoteGlobalIDString = D0628D2C1A004F2E00DFF41C;
			remoteInfo = "Pirate Hunt";
		};
/* End PBXContainerItemProxy section */

/* Begin PBXFileReference section */
		D0628D2D1A004F2E00DFF41C /* Pirate Hunt.app */ = {isa = PBXFileReference; explicitFileType = wrapper.application; includeInIndex = 0; path = "Pirate Hunt.app"; sourceTree = BUILT_PRODUCTS_DIR; };
		D0628D311A004F2E00DFF41C /* Info.plist */ = {isa = PBXFileReference; lastKnownFileType = text.plist.xml; path = Info.plist; sourceTree = "<group>"; };
		D0628D321A004F2E00DFF41C /* main.m */ = {isa = PBXFileReference; lastKnownFileType = sourcecode.c.objc; path = main.m; sourceTree = "<group>"; };
		D0628D341A004F2E00DFF41C /* AppDelegate.h */ = {isa = PBXFileReference; lastKnownFileType = sourcecode.c.h; path = AppDelegate.h; sourceTree = "<group>"; };
		D0628D351A004F2E00DFF41C /* AppDelegate.m */ = {isa = PBXFileReference; lastKnownFileType = sourcecode.c.objc; path = AppDelegate.m; sourceTree = "<group>"; };
		D0628D371A004F2E00DFF41C /* ViewController.h */ = {isa = PBXFileReference; lastKnownFileType = sourcecode.c.h; path = ViewController.h; sourceTree = "<group>"; };
		D0628D381A004F2E00DFF41C /* ViewController.m */ = {isa = PBXFileReference; lastKnownFileType = sourcecode.c.objc; path = ViewController.m; sourceTree = "<group>"; };
		D0628D3B1A004F2E00DFF41C /* Base */ = {isa = PBXFileReference; lastKnownFileType = file.storyboard; name = Base; path = Base.lproj/Main.storyboard; sourceTree = "<group>"; };
		D0628D3D1A004F2E00DFF41C /* Images.xcassets */ = {isa = PBXFileReference; lastKnownFileType = folder.assetcatalog; path = Images.xcassets; sourceTree = "<group>"; };
		D0628D401A004F2E00DFF41C /* Base */ = {isa = PBXFileReference; lastKnownFileType = file.xib; name = Base; path = Base.lproj/LaunchScreen.xib; sourceTree = "<group>"; };
		D0628D461A004F2E00DFF41C /* Pirate HuntTests.xctest */ = {isa = PBXFileReference; explicitFileType = wrapper.cfbundle; includeInIndex = 0; path = "Pirate HuntTests.xctest"; sourceTree = BUILT_PRODUCTS_DIR; };
		D0628D4B1A004F2E00DFF41C /* Info.plist */ = {isa = PBXFileReference; lastKnownFileType = text.plist.xml; path = Info.plist; sourceTree = "<group>"; };
		D0628D4C1A004F2E00DFF41C /* Pirate_HuntTests.m */ = {isa = PBXFileReference; lastKnownFileType = sourcecode.c.objc; path = Pirate_HuntTests.m; sourceTree = "<group>"; };
/* End PBXFileReference section */

/* Begin PBXFrameworksBuildPhase section */
		D0628D2A1A004F2E00DFF41C /* Frameworks */ = {
			isa = PBXFrameworksBuildPhase;
			buildActionMask = 2147483647;
			files = (
			);
			runOnlyForDeploymentPostprocessing = 0;
		};
		D0628D431A004F2E00DFF41C /* Frameworks */ = {
			isa = PBXFrameworksBuildPhase;
			buildActionMask = 2147483647;
			files = (
			);
			runOnlyForDeploymentPostprocessing = 0;
		};
/* End PBXFrameworksBuildPhase section */

/* Begin PBXGroup section */
		D0628D241A004F2E00DFF41C = {
			isa = PBXGroup;
			children = (
				D0628D2F1A004F2E00DFF41C /* Pirate Hunt */,
				D0628D491A004F2E00DFF41C /* Pirate HuntTests */,
				D0628D2E1A004F2E00DFF41C /* Products */,
			);
			sourceTree = "<group>";
		};
		D0628D2E1A004F2E00DFF41C /* Products */ = {
			isa = PBXGroup;
			children = (
				D0628D2D1A004F2E00DFF41C /* Pirate Hunt.app */,
				D0628D461A004F2E00DFF41C /* Pirate HuntTests.xctest */,
			);
			name = Products;
			sourceTree = "<group>";
		};
		D0628D2F1A004F2E00DFF41C /* Pirate Hunt */ = {
			isa = PBXGroup;
			children = (
				D0628D341A004F2E00DFF41C /* AppDelegate.h */,
				D0628D351A004F2E00DFF41C /* AppDelegate.m */,
				D0628D371A004F2E00DFF41C /* ViewController.h */,
				D0628D381A004F2E00DFF41C /* ViewController.m */,
				D0628D3A1A004F2E00DFF41C /* Main.storyboard */,
				D0628D3D1A004F2E00DFF41C /* Images.xcassets */,
				D0628D3F1A004F2E00DFF41C /* LaunchScreen.xib */,
				D0628D301A004F2E00DFF41C /* Supporting Files */,
			);
			path = "Pirate Hunt";
			sourceTree = "<group>";
		};
		D0628D301A004F2E00DFF41C /* Supporting Files */ = {
			isa = PBXGroup;
			children = (
				D0628D311A004F2E00DFF41C /* Info.plist */,
				D0628D321A004F2E00DFF41C /* main.m */,
			);
			name = "Supporting Files";
			sourceTree = "<group>";
		};
		D0628D491A004F2E00DFF41C /* Pirate HuntTests */ = {
			isa = PBXGroup;
			children = (
				D0628D4C1A004F2E00DFF41C /* Pirate_HuntTests.m */,
				D0628D4A1A004F2E00DFF41C /* Supporting Files */,
			);
			path = "Pirate HuntTests";
			sourceTree = "<group>";
		};
		D0628D4A1A004F2E00DFF41C /* Supporting Files */ = {
			isa = PBXGroup;
			children = (
				D0628D4B1A004F2E00DFF41C /* Info.plist */,
			);
			name = "Supporting Files";
			sourceTree = "<group>";
		};
/* End PBXGroup section */

/* Begin PBXNativeTarget section */
		D0628D2C1A004F2E00DFF41C /* Pirate Hunt */ = {
			isa = PBXNativeTarget;
			buildConfigurationList = D0628D501A004F2E00DFF41C /* Build configuration list for PBXNativeTarget "Pirate Hunt" */;
			buildPhases = (
				D0628D291A004F2E00DFF41C /* Sources */,
				D0628D2A1A004F2E00DFF41C /* Frameworks */,
				D0628D2B1A004F2E00DFF41C /* Resources */,
			);
			buildRules = (
			);
			dependencies = (
			);
			name = "Pirate Hunt";
			productName = "Pirate Hunt";
			productReference = D0628D2D1A004F2E00DFF41C /* Pirate Hunt.app */;
			productType = "com.apple.product-type.application";
		};
		D0628D451A004F2E00DFF41C /* Pirate HuntTests */ = {
			isa = PBXNativeTarget;
			buildConfigurationList = D0628D531A004F2E00DFF41C /* Build configuration list for PBXNativeTarget "Pirate HuntTests" */;
			buildPhases = (
				D0628D421A004F2E00DFF41C /* Sources */,
				D0628D431A004F2E00DFF41C /* Frameworks */,
				D0628D441A004F2E00DFF41C /* Resources */,
			);
			buildRules = (
			);
			dependencies = (
				D0628D481A004F2E00DFF41C /* PBXTargetDependency */,
			);
			name = "Pirate HuntTests";
			productName = "Pirate HuntTests";
			productReference = D0628D461A004F2E00DFF41C /* Pirate HuntTests.xctest */;
			productType = "com.apple.product-type.bundle.unit-test";
		};
/* End PBXNativeTarget section */

/* Begin PBXProject section */
		D0628D251A004F2E00DFF41C /* Project object */ = {
			isa = PBXProject;
			attributes = {
				LastUpgradeCheck = 0610;
				ORGANIZATIONNAME = Re/Up;
				TargetAttributes = {
					D0628D2C1A004F2E00DFF41C = {
						CreatedOnToolsVersion = 6.1;
					};
					D0628D451A004F2E00DFF41C = {
						CreatedOnToolsVersion = 6.1;
						TestTargetID = D0628D2C1A004F2E00DFF41C;
					};
				};
			};
			buildConfigurationList = D0628D281A004F2E00DFF41C /* Build configuration list for PBXProject "Pirate Hunt" */;
			compatibilityVersion = "Xcode 3.2";
			developmentRegion = English;
			hasScannedForEncodings = 0;
			knownRegions = (
				en,
				Base,
			);
			mainGroup = D0628D241A004F2E00DFF41C;
			productRefGroup = D0628D2E1A004F2E00DFF41C /* Products */;
			projectDirPath = "";
			projectRoot = "";
			targets = (
				D0628D2C1A004F2E00DFF41C /* Pirate Hunt */,
				D0628D451A004F2E00DFF41C /* Pirate HuntTests */,
			);
		};
/* End PBXProject section */

/* Begin PBXResourcesBuildPhase section */
		D0628D2B1A004F2E00DFF41C /* Resources */ = {
			isa = PBXResourcesBuildPhase;
			buildActionMask = 2147483647;
			files = (
				D0628D3C1A004F2E00DFF41C /* Main.storyboard in Resources */,
				D0628D411A004F2E00DFF41C /* LaunchScreen.xib in Resources */,
				D0628D3E1A004F2E00DFF41C /* Images.xcassets in Resources */,
			);
			runOnlyForDeploymentPostprocessing = 0;
		};
		D0628D441A004F2E00DFF41C /* Resources */ = {
			isa = PBXResourcesBuildPhase;
			buildActionMask = 2147483647;
			files = (
			);
			runOnlyForDeploymentPostprocessing = 0;
		};
/* End PBXResourcesBuildPhase section */

/* Begin PBXSourcesBuildPhase section */
		D0628D291A004F2E00DFF41C /* Sources */ = {
			isa = PBXSourcesBuildPhase;
			buildActionMask = 2147483647;
			files = (
				D0628D391A004F2E00DFF41C /* ViewController.m in Sources */,
				D0628D361A004F2E00DFF41C /* AppDelegate.m in Sources */,
				D0628D331A004F2E00DFF41C /* main.m in Sources */,
			);
			runOnlyForDeploymentPostprocessing = 0;
		};
		D0628D421A004F2E00DFF41C /* Sources */ = {
			isa = PBXSourcesBuildPhase;
			buildActionMask = 2147483647;
			files = (
				D0628D4D1A004F2E00DFF41C /* Pirate_HuntTests.m in Sources */,
			);
			runOnlyForDeploymentPostprocessing = 0;
		};
/* End PBXSourcesBuildPhase section */

/* Begin PBXTargetDependency section */
		D0628D481A004F2E00DFF41C /* PBXTargetDependency */ = {
			isa = PBXTargetDependency;
			target = D0628D2C1A004F2E00DFF41C /* Pirate Hunt */;
			targetProxy = D0628D471A004F2E00DFF41C /* PBXContainerItemProxy */;
		};
/* End PBXTargetDependency section */

/* Begin PBXVariantGroup section */
		D0628D3A1A004F2E00DFF41C /* Main.storyboard */ = {
			isa = PBXVariantGroup;
			children = (
				D0628D3B1A004F2E00DFF41C /* Base */,
			);
			name = Main.storyboard;
			sourceTree = "<group>";
		};
		D0628D3F1A004F2E00DFF41C /* LaunchScreen.xib */ = {
			isa = PBXVariantGroup;
			children = (
				D0628D401A004F2E00DFF41C /* Base */,
			);
			name = LaunchScreen.xib;
			sourceTree = "<group>";
		};
/* End PBXVariantGroup section */

/* Begin XCBuildConfiguration section */
		D0628D4E1A004F2E00DFF41C /* Debug */ = {
			isa = XCBuildConfiguration;
			buildSettings = {
				ALWAYS_SEARCH_USER_PATHS = NO;
				CLANG_CXX_LANGUAGE_STANDARD = "gnu++0x";
				CLANG_CXX_LIBRARY = "libc++";
				CLANG_ENABLE_MODULES = YES;
				CLANG_ENABLE_OBJC_ARC = YES;
				CLANG_WARN_BOOL_CONVERSION = YES;
				CLANG_WARN_CONSTANT_CONVERSION = YES;
				CLANG_WARN_DIRECT_OBJC_ISA_USAGE = YES_ERROR;
				CLANG_WARN_EMPTY_BODY = YES;
				CLANG_WARN_ENUM_CONVERSION = YES;
				CLANG_WARN_INT_CONVERSION = YES;
				CLANG_WARN_OBJC_ROOT_CLASS = YES_ERROR;
				CLANG_WARN_UNREACHABLE_CODE = YES;
				CLANG_WARN__DUPLICATE_METHOD_MATCH = YES;
				"CODE_SIGN_IDENTITY[sdk=iphoneos*]" = "iPhone Developer";
				COPY_PHASE_STRIP = NO;
				ENABLE_STRICT_OBJC_MSGSEND = YES;
				GCC_C_LANGUAGE_STANDARD = gnu99;
				GCC_DYNAMIC_NO_PIC = NO;
				GCC_OPTIMIZATION_LEVEL = 0;
				GCC_PREPROCESSOR_DEFINITIONS = (
					"DEBUG=1",
					"$(inherited)",
				);
				GCC_SYMBOLS_PRIVATE_EXTERN = NO;
				GCC_WARN_64_TO_32_BIT_CONVERSION = YES;
				GCC_WARN_ABOUT_RETURN_TYPE = YES_ERROR;
				GCC_WARN_UNDECLARED_SELECTOR = YES;
				GCC_WARN_UNINITIALIZED_AUTOS = YES_AGGRESSIVE;
				GCC_WARN_UNUSED_FUNCTION = YES;
				GCC_WARN_UNUSED_VARIABLE = YES;
				IPHONEOS_DEPLOYMENT_TARGET = 8.1;
				MTL_ENABLE_DEBUG_INFO = YES;
				ONLY_ACTIVE_ARCH = YES;
				SDKROOT = iphoneos;
			};
			name = Debug;
		};
		D0628D4F1A004F2E00DFF41C /* Release */ = {
			isa = XCBuildConfiguration;
			buildSettings = {
				ALWAYS_SEARCH_USER_PATHS = NO;
				CLANG_CXX_LANGUAGE_STANDARD = "gnu++0x";
				CLANG_CXX_LIBRARY = "libc++";
				CLANG_ENABLE_MODULES = YES;
				CLANG_ENABLE_OBJC_ARC = YES;
				CLANG_WARN_BOOL_CONVERSION = YES;
				CLANG_WARN_CONSTANT_CONVERSION = YES;
				CLANG_WARN_DIRECT_OBJC_ISA_USAGE = YES_ERROR;
				CLANG_WARN_EMPTY_BODY = YES;
				CLANG_WARN_ENUM_CONVERSION = YES;
				CLANG_WARN_INT_CONVERSION = YES;
				CLANG_WARN_OBJC_ROOT_CLASS = YES_ERROR;
				CLANG_WARN_UNREACHABLE_CODE = YES;
				CLANG_WARN__DUPLICATE_METHOD_MATCH = YES;
				"CODE_SIGN_IDENTITY[sdk=iphoneos*]" = "iPhone Developer";
				COPY_PHASE_STRIP = YES;
				ENABLE_NS_ASSERTIONS = NO;
				ENABLE_STRICT_OBJC_MSGSEND = YES;
				GCC_C_LANGUAGE_STANDARD = gnu99;
				GCC_WARN_64_TO_32_BIT_CONVERSION = YES;
				GCC_WARN_ABOUT_RETURN_TYPE = YES_ERROR;
				GCC_WARN_UNDECLARED_SELECTOR = YES;
				GCC_WARN_UNINITIALIZED_AUTOS = YES_AGGRESSIVE;
				GCC_WARN_UNUSED_FUNCTION = YES;
				GCC_WARN_UNUSED_VARIABLE = YES;
				IPHONEOS_DEPLOYMENT_TARGET = 8.1;
				MTL_ENABLE_DEBUG_INFO = NO;
				SDKROOT = iphoneos;
				VALIDATE_PRODUCT = YES;
			};
			name = Release;
		};
		D0628D511A004F2E00DFF41C /* Debug */ = {
			isa = XCBuildConfiguration;
			buildSettings = {
				ASSETCATALOG_COMPILER_APPICON_NAME = AppIcon;
				INFOPLIST_FILE = "Pirate Hunt/Info.plist";
				LD_RUNPATH_SEARCH_PATHS = "$(inherited) @executable_path/Frameworks";
				PRODUCT_NAME = "$(TARGET_NAME)";
			};
			name = Debug;
		};
		D0628D521A004F2E00DFF41C /* Release */ = {
			isa = XCBuildConfiguration;
			buildSettings = {
				ASSETCATALOG_COMPILER_APPICON_NAME = AppIcon;
				INFOPLIST_FILE = "Pirate Hunt/Info.plist";
				LD_RUNPATH_SEARCH_PATHS = "$(inherited) @executable_path/Frameworks";
				PRODUCT_NAME = "$(TARGET_NAME)";
			};
			name = Release;
		};
		D0628D541A004F2E00DFF41C /* Debug */ = {
			isa = XCBuildConfiguration;
			buildSettings = {
				BUNDLE_LOADER = "$(TEST_HOST)";
				FRAMEWORK_SEARCH_PATHS = (
					"$(SDKROOT)/Developer/Library/Frameworks",
					"$(inherited)",
				);
				GCC_PREPROCESSOR_DEFINITIONS = (
					"DEBUG=1",
					"$(inherited)",
				);
				INFOPLIST_FILE = "Pirate HuntTests/Info.plist";
				LD_RUNPATH_SEARCH_PATHS = "$(inherited) @executable_path/Frameworks @loader_path/Frameworks";
				PRODUCT_NAME = "$(TARGET_NAME)";
				TEST_HOST = "$(BUILT_PRODUCTS_DIR)/Pirate Hunt.app/Pirate Hunt";
			};
			name = Debug;
		};
		D0628D551A004F2E00DFF41C /* Release */ = {
			isa = XCBuildConfiguration;
			buildSettings = {
				BUNDLE_LOADER = "$(TEST_HOST)";
				FRAMEWORK_SEARCH_PATHS = (
					"$(SDKROOT)/Developer/Library/Frameworks",
					"$(inherited)",
				);
				INFOPLIST_FILE = "Pirate HuntTests/Info.plist";
				LD_RUNPATH_SEARCH_PATHS = "$(inherited) @executable_path/Frameworks @loader_path/Frameworks";
				PRODUCT_NAME = "$(TARGET_NAME)";
				TEST_HOST = "$(BUILT_PRODUCTS_DIR)/Pirate Hunt.app/Pirate Hunt";
			};
			name = Release;
		};
/* End XCBuildConfiguration section */

/* Begin XCConfigurationList section */
		D0628D281A004F2E00DFF41C /* Build configuration list for PBXProject "Pirate Hunt" */ = {
			isa = XCConfigurationList;
			buildConfigurations = (
				D0628D4E1A004F2E00DFF41C /* Debug */,
				D0628D4F1A004F2E00DFF41C /* Release */,
			);
			defaultConfigurationIsVisible = 0;
			defaultConfigurationName = Release;
		};
		D0628D501A004F2E00DFF41C /* Build configuration list for PBXNativeTarget "Pirate Hunt" */ = {
			isa = XCConfigurationList;
			buildConfigurations = (
				D0628D511A004F2E00DFF41C /* Debug */,
				D0628D521A004F2E00DFF41C /* Release */,
			);
			defaultConfigurationIsVisible = 0;
		};
		D0628D531A004F2E00DFF41C /* Build configuration list for PBXNativeTarget "Pirate HuntTests" */ = {
			isa = XCConfigurationList;
			buildConfigurations = (
				D0628D541A004F2E00DFF41C /* Debug */,
				D0628D551A004F2E00DFF41C /* Release */,
			);
			defaultConfigurationIsVisible = 0;
		};
/* End XCConfigurationList section */
	};
	rootObject = D0628D251A004F2E00DFF41C /* Project object */;
}
